// !$*UTF8*$!
{
	archiveVersion = 1;
	classes = {
	};
	objectVersion = 46;
	objects = {

/* Begin PBXBuildFile section */
		04F160E51D45EC1500A1BD5C /* main.m in Sources */ = {isa = PBXBuildFile; fileRef = 04F160E41D45EC1500A1BD5C /* main.m */; };
		04F160E81D45EC1500A1BD5C /* AppDelegate.m in Sources */ = {isa = PBXBuildFile; fileRef = 04F160E71D45EC1500A1BD5C /* AppDelegate.m */; };
		04F160EB1D45EC1500A1BD5C /* ViewController.m in Sources */ = {isa = PBXBuildFile; fileRef = 04F160EA1D45EC1500A1BD5C /* ViewController.m */; };
		04F160EE1D45EC1500A1BD5C /* Main.storyboard in Resources */ = {isa = PBXBuildFile; fileRef = 04F160EC1D45EC1500A1BD5C /* Main.storyboard */; };
		04F160F01D45EC1500A1BD5C /* Assets.xcassets in Resources */ = {isa = PBXBuildFile; fileRef = 04F160EF1D45EC1500A1BD5C /* Assets.xcassets */; };
		04F160F31D45EC1500A1BD5C /* LaunchScreen.storyboard in Resources */ = {isa = PBXBuildFile; fileRef = 04F160F11D45EC1500A1BD5C /* LaunchScreen.storyboard */; };
/* End PBXBuildFile section */

/* Begin PBXFileReference section */
		04F160E01D45EC1500A1BD5C /* IT008.app */ = {isa = PBXFileReference; explicitFileType = wrapper.application; includeInIndex = 0; path = IT008.app; sourceTree = BUILT_PRODUCTS_DIR; };
		04F160E41D45EC1500A1BD5C /* main.m */ = {isa = PBXFileReference; lastKnownFileType = sourcecode.c.objc; path = main.m; sourceTree = "<group>"; };
		04F160E61D45EC1500A1BD5C /* AppDelegate.h */ = {isa = PBXFileReference; lastKnownFileType = sourcecode.c.h; path = AppDelegate.h; sourceTree = "<group>"; };
		04F160E71D45EC1500A1BD5C /* AppDelegate.m */ = {isa = PBXFileReference; lastKnownFileType = sourcecode.c.objc; path = AppDelegate.m; sourceTree = "<group>"; };
		04F160E91D45EC1500A1BD5C /* ViewController.h */ = {isa = PBXFileReference; lastKnownFileType = sourcecode.c.h; path = ViewController.h; sourceTree = "<group>"; };
		04F160EA1D45EC1500A1BD5C /* ViewController.m */ = {isa = PBXFileReference; lastKnownFileType = sourcecode.c.objc; path = ViewController.m; sourceTree = "<group>"; };
		04F160ED1D45EC1500A1BD5C /* Base */ = {isa = PBXFileReference; lastKnownFileType = file.storyboard; name = Base; path = Base.lproj/Main.storyboard; sourceTree = "<group>"; };
		04F160EF1D45EC1500A1BD5C /* Assets.xcassets */ = {isa = PBXFileReference; lastKnownFileType = folder.assetcatalog; path = Assets.xcassets; sourceTree = "<group>"; };
		04F160F21D45EC1500A1BD5C /* Base */ = {isa = PBXFileReference; lastKnownFileType = file.storyboard; name = Base; path = Base.lproj/LaunchScreen.storyboard; sourceTree = "<group>"; };
		04F160F41D45EC1500A1BD5C /* Info.plist */ = {isa = PBXFileReference; lastKnownFileType = text.plist.xml; path = Info.plist; sourceTree = "<group>"; };
/* End PBXFileReference section */

/* Begin PBXFrameworksBuildPhase section */
		04F160DD1D45EC1500A1BD5C /* Frameworks */ = {
			isa = PBXFrameworksBuildPhase;
			buildActionMask = 2147483647;
			files = (
			);
			runOnlyForDeploymentPostprocessing = 0;
		};
/* End PBXFrameworksBuildPhase section */

/* Begin PBXGroup section */
		04F160D71D45EC1500A1BD5C = {
			isa = PBXGroup;
			children = (
				04F160E21D45EC1500A1BD5C /* IT008 */,
				04F160E11D45EC1500A1BD5C /* Products */,
			);
			sourceTree = "<group>";
		};
		04F160E11D45EC1500A1BD5C /* Products */ = {
			isa = PBXGroup;
			children = (
				04F160E01D45EC1500A1BD5C /* IT008.app */,
			);
			name = Products;
			sourceTree = "<group>";
		};
		04F160E21D45EC1500A1BD5C /* IT008 */ = {
			isa = PBXGroup;
			children = (
				04F160E61D45EC1500A1BD5C /* AppDelegate.h */,
				04F160E71D45EC1500A1BD5C /* AppDelegate.m */,
				04F160E91D45EC1500A1BD5C /* ViewController.h */,
				04F160EA1D45EC1500A1BD5C /* ViewController.m */,
				04F160EC1D45EC1500A1BD5C /* Main.storyboard */,
				04F160EF1D45EC1500A1BD5C /* Assets.xcassets */,
				04F160F11D45EC1500A1BD5C /* LaunchScreen.storyboard */,
				04F160F41D45EC1500A1BD5C /* Info.plist */,
				04F160E31D45EC1500A1BD5C /* Supporting Files */,
			);
			path = IT008;
			sourceTree = "<group>";
		};
		04F160E31D45EC1500A1BD5C /* Supporting Files */ = {
			isa = PBXGroup;
			children = (
				04F160E41D45EC1500A1BD5C /* main.m */,
			);
			name = "Supporting Files";
			sourceTree = "<group>";
		};
/* End PBXGroup section */

/* Begin PBXNativeTarget section */
		04F160DF1D45EC1500A1BD5C /* IT008 */ = {
			isa = PBXNativeTarget;
			buildConfigurationList = 04F160F71D45EC1500A1BD5C /* Build configuration list for PBXNativeTarget "IT008" */;
			buildPhases = (
				04F160DC1D45EC1500A1BD5C /* Sources */,
				04F160DD1D45EC1500A1BD5C /* Frameworks */,
				04F160DE1D45EC1500A1BD5C /* Resources */,
			);
			buildRules = (
			);
			dependencies = (
			);
			name = IT008;
			productName = IT008;
			productReference = 04F160E01D45EC1500A1BD5C /* IT008.app */;
			productType = "com.apple.product-type.application";
		};
/* End PBXNativeTarget section */

/* Begin PBXProject section */
		04F160D81D45EC1500A1BD5C /* Project object */ = {
			isa = PBXProject;
			attributes = {
				LastUpgradeCheck = 0720;
				ORGANIZATIONNAME = SFY;
				TargetAttributes = {
					04F160DF1D45EC1500A1BD5C = {
						CreatedOnToolsVersion = 7.2.1;
					};
				};
			};
			buildConfigurationList = 04F160DB1D45EC1500A1BD5C /* Build configuration list for PBXProject "IT008" */;
			compatibilityVersion = "Xcode 3.2";
			developmentRegion = English;
			hasScannedForEncodings = 0;
			knownRegions = (
				en,
				Base,
			);
			mainGroup = 04F160D71D45EC1500A1BD5C;
			productRefGroup = 04F160E11D45EC1500A1BD5C /* Products */;
			projectDirPath = "";
			projectRoot = "";
			targets = (
				04F160DF1D45EC1500A1BD5C /* IT008 */,
			);
		};
/* End PBXProject section */

/* Begin PBXResourcesBuildPhase section */
		04F160DE1D45EC1500A1BD5C /* Resources */ = {
			isa = PBXResourcesBuildPhase;
			buildActionMask = 2147483647;
			files = (
				04F160F31D45EC1500A1BD5C /* LaunchScreen.storyboard in Resources */,
				04F160F01D45EC1500A1BD5C /* Assets.xcassets in Resources */,
				04F160EE1D45EC1500A1BD5C /* Main.storyboard in Resources */,
			);
			runOnlyForDeploymentPostprocessing = 0;
		};
/* End PBXResourcesBuildPhase section */

/* Begin PBXSourcesBuildPhase section */
		04F160DC1D45EC1500A1BD5C /* Sources */ = {
			isa = PBXSourcesBuildPhase;
			buildActionMask = 2147483647;
			files = (
				04F160EB1D45EC1500A1BD5C /* ViewController.m in Sources */,
				04F160E81D45EC1500A1BD5C /* AppDelegate.m in Sources */,
				04F160E51D45EC1500A1BD5C /* main.m in Sources */,
			);
			runOnlyForDeploymentPostprocessing = 0;
		};
/* End PBXSourcesBuildPhase section */

/* Begin PBXVariantGroup section */
		04F160EC1D45EC1500A1BD5C /* Main.storyboard */ = {
			isa = PBXVariantGroup;
			children = (
				04F160ED1D45EC1500A1BD5C /* Base */,
			);
			name = Main.storyboard;
			sourceTree = "<group>";
		};
		04F160F11D45EC1500A1BD5C /* LaunchScreen.storyboard */ = {
			isa = PBXVariantGroup;
			children = (
				04F160F21D45EC1500A1BD5C /* Base */,
			);
			name = LaunchScreen.storyboard;
			sourceTree = "<group>";
		};
/* End PBXVariantGroup section */

/* Begin XCBuildConfiguration section */
		04F160F51D45EC1500A1BD5C /* Debug */ = {
			isa = XCBuildConfiguration;
			buildSettings = {
				ALWAYS_SEARCH_USER_PATHS = NO;
				CLANG_CXX_LANGUAGE_STANDARD = "gnu++0x";
				CLANG_CXX_LIBRARY = "libc++";
				CLANG_ENABLE_MODULES = YES;
				CLANG_ENABLE_OBJC_ARC = YES;
				CLANG_WARN_BOOL_CONVERSION = YES;
				CLANG_WARN_CONSTANT_CONVERSION = YES;
				CLANG_WARN_DIRECT_OBJC_ISA_USAGE = YES_ERROR;
				CLANG_WARN_EMPTY_BODY = YES;
				CLANG_WARN_ENUM_CONVERSION = YES;
				CLANG_WARN_INT_CONVERSION = YES;
				CLANG_WARN_OBJC_ROOT_CLASS = YES_ERROR;
				CLANG_WARN_UNREACHABLE_CODE = YES;
				CLANG_WARN__DUPLICATE_METHOD_MATCH = YES;
				"CODE_SIGN_IDENTITY[sdk=iphoneos*]" = "iPhone Developer";
				COPY_PHASE_STRIP = NO;
				DEBUG_INFORMATION_FORMAT = dwarf;
				ENABLE_STRICT_OBJC_MSGSEND = YES;
				ENABLE_TESTABILITY = YES;
				GCC_C_LANGUAGE_STANDARD = gnu99;
				GCC_DYNAMIC_NO_PIC = NO;
				GCC_NO_COMMON_BLOCKS = YES;
				GCC_OPTIMIZATION_LEVEL = 0;
				GCC_PREPROCESSOR_DEFINITIONS = (
					"DEBUG=1",
					"$(inherited)",
				);
				GCC_WARN_64_TO_32_BIT_CONVERSION = YES;
				GCC_WARN_ABOUT_RETURN_TYPE = YES_ERROR;
				GCC_WARN_UNDECLARED_SELECTOR = YES;
				GCC_WARN_UNINITIALIZED_AUTOS = YES_AGGRESSIVE;
				GCC_WARN_UNUSED_FUNCTION = YES;
				GCC_WARN_UNUSED_VARIABLE = YES;
				IPHONEOS_DEPLOYMENT_TARGET = 9.2;
				MTL_ENABLE_DEBUG_INFO = YES;
				ONLY_ACTIVE_ARCH = YES;
				SDKROOT = iphoneos;
			};
			name = Debug;
		};
		04F160F61D45EC1500A1BD5C /* Release */ = {
			isa = XCBuildConfiguration;
			buildSettings = {
				ALWAYS_SEARCH_USER_PATHS = NO;
				CLANG_CXX_LANGUAGE_STANDARD = "gnu++0x";
				CLANG_CXX_LIBRARY = "libc++";
				CLANG_ENABLE_MODULES = YES;
				CLANG_ENABLE_OBJC_ARC = YES;
				CLANG_WARN_BOOL_CONVERSION = YES;
				CLANG_WARN_CONSTANT_CONVERSION = YES;
				CLANG_WARN_DIRECT_OBJC_ISA_USAGE = YES_ERROR;
				CLANG_WARN_EMPTY_BODY = YES;
				CLANG_WARN_ENUM_CONVERSION = YES;
				CLANG_WARN_INT_CONVERSION = YES;
				CLANG_WARN_OBJC_ROOT_CLASS = YES_ERROR;
				CLANG_WARN_UNREACHABLE_CODE = YES;
				CLANG_WARN__DUPLICATE_METHOD_MATCH = YES;
				"CODE_SIGN_IDENTITY[sdk=iphoneos*]" = "iPhone Developer";
				COPY_PHASE_STRIP = NO;
				DEBUG_INFORMATION_FORMAT = "dwarf-with-dsym";
				ENABLE_NS_ASSERTIONS = NO;
				ENABLE_STRICT_OBJC_MSGSEND = YES;
				GCC_C_LANGUAGE_STANDARD = gnu99;
				GCC_NO_COMMON_BLOCKS = YES;
				GCC_WARN_64_TO_32_BIT_CONVERSION = YES;
				GCC_WARN_ABOUT_RETURN_TYPE = YES_ERROR;
				GCC_WARN_UNDECLARED_SELECTOR = YES;
				GCC_WARN_UNINITIALIZED_AUTOS = YES_AGGRESSIVE;
				GCC_WARN_UNUSED_FUNCTION = YES;
				GCC_WARN_UNUSED_VARIABLE = YES;
				IPHONEOS_DEPLOYMENT_TARGET = 9.2;
				MTL_ENABLE_DEBUG_INFO = NO;
				SDKROOT = iphoneos;
				VALIDATE_PRODUCT = YES;
			};
			name = Release;
		};
		04F160F81D45EC1500A1BD5C /* Debug */ = {
			isa = XCBuildConfiguration;
			buildSettings = {
				ASSETCATALOG_COMPILER_APPICON_NAME = AppIcon;
				INFOPLIST_FILE = IT008/Info.plist;
				LD_RUNPATH_SEARCH_PATHS = "$(inherited) @executable_path/Frameworks";
				PRODUCT_BUNDLE_IDENTIFIER = IT..IT008;
				PRODUCT_NAME = "$(TARGET_NAME)";
			};
			name = Debug;
		};
		04F160F91D45EC1500A1BD5C /* Release */ = {
			isa = XCBuildConfiguration;
			buildSettings = {
				ASSETCATALOG_COMPILER_APPICON_NAME = AppIcon;
				INFOPLIST_FILE = IT008/Info.plist;
				LD_RUNPATH_SEARCH_PATHS = "$(inherited) @executable_path/Frameworks";
				PRODUCT_BUNDLE_IDENTIFIER = IT..IT008;
				PRODUCT_NAME = "$(TARGET_NAME)";
			};
			name = Release;
		};
/* End XCBuildConfiguration section */

/* Begin XCConfigurationList section */
		04F160DB1D45EC1500A1BD5C /* Build configuration list for PBXProject "IT008" */ = {
			isa = XCConfigurationList;
			buildConfigurations = (
				04F160F51D45EC1500A1BD5C /* Debug */,
				04F160F61D45EC1500A1BD5C /* Release */,
			);
			defaultConfigurationIsVisible = 0;
			defaultConfigurationName = Release;
		};
		04F160F71D45EC1500A1BD5C /* Build configuration list for PBXNativeTarget "IT008" */ = {
			isa = XCConfigurationList;
			buildConfigurations = (
				04F160F81D45EC1500A1BD5C /* Debug */,
				04F160F91D45EC1500A1BD5C /* Release */,
			);
			defaultConfigurationIsVisible = 0;
		};
/* End XCConfigurationList section */
	};
	rootObject = 04F160D81D45EC1500A1BD5C /* Project object */;
}
